<?xml version="1.0" encoding="utf-8"?>
<Project ToolsVersion="4.0" xmlns="http://schemas.microsoft.com/developer/msbuild/2003">
  <ItemGroup>
    <ClCompile Include="ContentsCore.cpp" />
    <ClCompile Include="TitleLevel.cpp">
      <Filter>Level</Filter>
    </ClCompile>
    <ClCompile Include="PreCompile.cpp">
      <Filter>PreCompile</Filter>
    </ClCompile>
    <ClCompile Include="StartIntroLevel.cpp">
      <Filter>Level</Filter>
    </ClCompile>
    <ClCompile Include="PlayLevel.cpp">
      <Filter>Level\DAY</Filter>
    </ClCompile>
    <ClCompile Include="BasicButton.cpp">
      <Filter>Global\Button</Filter>
    </ClCompile>
    <ClCompile Include="DayOffLevel.cpp">
      <Filter>Level\DAY</Filter>
    </ClCompile>
    <ClCompile Include="QuitButton.cpp">
      <Filter>Global\Button</Filter>
    </ClCompile>
    <ClCompile Include="NewsLevel.cpp">
      <Filter>Level</Filter>
    </ClCompile>
    <ClCompile Include="LevelBase.cpp">
      <Filter>Level</Filter>
    </ClCompile>
    <ClCompile Include="PaperBase.cpp">
      <Filter>Paper</Filter>
    </ClCompile>
    <ClCompile Include="PeopleBase.cpp">
      <Filter>Global\People</Filter>
    </ClCompile>
    <ClCompile Include="RuleBook.cpp">
      <Filter>Paper\RuleBook</Filter>
    </ClCompile>
    <ClCompile Include="WaitingLine.cpp">
      <Filter>Global\People</Filter>
    </ClCompile>
    <ClCompile Include="InspectBox.cpp">
      <Filter>Global\Inspect</Filter>
    </ClCompile>
    <ClCompile Include="ControlManager.cpp">
      <Filter>GUI</Filter>
    </ClCompile>
    <ClCompile Include="StampBar.cpp">
      <Filter>Global\Stamp</Filter>
    </ClCompile>
    <ClCompile Include="Cursor.cpp">
      <Filter>Cursor</Filter>
    </ClCompile>
    <ClCompile Include="CursorCollisionParameter.cpp">
      <Filter>Cursor</Filter>
    </ClCompile>
    <ClCompile Include="CustomSpriteRenderer.cpp">
      <Filter>EngineCustom</Filter>
    </ClCompile>
    <ClCompile Include="Player.cpp">
      <Filter>Global\People</Filter>
    </ClCompile>
    <ClCompile Include="StampApproved.cpp">
      <Filter>Global\Stamp</Filter>
    </ClCompile>
    <ClCompile Include="StampDenied.cpp">
      <Filter>Global\Stamp</Filter>
    </ClCompile>
    <ClCompile Include="PassPort.cpp">
      <Filter>Paper\Passport</Filter>
    </ClCompile>
    <ClCompile Include="TravelerInfo.cpp">
      <Filter>Global\People</Filter>
    </ClCompile>
    <ClCompile Include="NormalTraveler.cpp">
      <Filter>Global\People</Filter>
    </ClCompile>
    <ClCompile Include="Stamp.cpp">
      <Filter>Global\Stamp</Filter>
    </ClCompile>
    <ClCompile Include="InkApproved.cpp">
      <Filter>Global\Stamp</Filter>
    </ClCompile>
    <ClCompile Include="Guard.cpp">
      <Filter>Global\People</Filter>
    </ClCompile>
    <ClCompile Include="PaperManager.cpp">
      <Filter>Paper</Filter>
    </ClCompile>
    <ClCompile Include="Car.cpp">
      <Filter>Global</Filter>
    </ClCompile>
    <ClCompile Include="BasicActor.cpp">
      <Filter>Global</Filter>
    </ClCompile>
    <ClCompile Include="PlayMap.cpp">
      <Filter>Global\Stage</Filter>
    </ClCompile>
    <ClCompile Include="NextBell.cpp">
      <Filter>Global\Stage</Filter>
    </ClCompile>
    <ClCompile Include="IntroPicture.cpp">
      <Filter>Global\Stage</Filter>
    </ClCompile>
    <ClCompile Include="DayOffBackGround.cpp">
      <Filter>Global\Stage</Filter>
    </ClCompile>
    <ClCompile Include="BoothDoor.cpp">
      <Filter>Global\Stage</Filter>
    </ClCompile>
    <ClCompile Include="Citation.cpp">
      <Filter>Paper</Filter>
    </ClCompile>
    <ClCompile Include="StartButton.cpp">
      <Filter>Global\Button</Filter>
    </ClCompile>
    <ClCompile Include="AccessPermitInner.cpp">
      <Filter>Paper</Filter>
    </ClCompile>
    <ClCompile Include="TestLevel.cpp">
      <Filter>Level</Filter>
    </ClCompile>
    <ClCompile Include="PlayPaper.cpp">
      <Filter>Paper</Filter>
    </ClCompile>
  </ItemGroup>
  <ItemGroup>
    <ClInclude Include="ContentsCore.h" />
    <ClInclude Include="TitleLevel.h">
      <Filter>Level</Filter>
    </ClInclude>
    <ClInclude Include="PreCompile.h">
      <Filter>PreCompile</Filter>
    </ClInclude>
    <ClInclude Include="BasicActor.h">
      <Filter>Global</Filter>
    </ClInclude>
    <ClInclude Include="StartIntroLevel.h">
      <Filter>Level</Filter>
    </ClInclude>
    <ClInclude Include="PlayLevel.h">
      <Filter>Level\DAY</Filter>
    </ClInclude>
    <ClInclude Include="BasicButton.h">
      <Filter>Global\Button</Filter>
    </ClInclude>
    <ClInclude Include="DayOffLevel.h">
      <Filter>Level\DAY</Filter>
    </ClInclude>
    <ClInclude Include="QuitButton.h">
      <Filter>Global\Button</Filter>
    </ClInclude>
    <ClInclude Include="ContentsEnum.h">
      <Filter>Global\Enum</Filter>
    </ClInclude>
    <ClInclude Include="NewsLevel.h">
      <Filter>Level</Filter>
    </ClInclude>
    <ClInclude Include="LevelBase.h">
      <Filter>Level</Filter>
    </ClInclude>
    <ClInclude Include="PaperBase.h">
      <Filter>Paper</Filter>
    </ClInclude>
    <ClInclude Include="PeopleBase.h">
      <Filter>Global\People</Filter>
    </ClInclude>
    <ClInclude Include="RuleBook.h">
      <Filter>Paper\RuleBook</Filter>
    </ClInclude>
    <ClInclude Include="WaitingLine.h">
      <Filter>Global\People</Filter>
    </ClInclude>
    <ClInclude Include="InspectBox.h">
      <Filter>Global\Inspect</Filter>
    </ClInclude>
    <ClInclude Include="ControlManager.h">
      <Filter>GUI</Filter>
    </ClInclude>
    <ClInclude Include="StampBar.h">
      <Filter>Global\Stamp</Filter>
    </ClInclude>
    <ClInclude Include="Cursor.h">
      <Filter>Cursor</Filter>
    </ClInclude>
    <ClInclude Include="CustomSpriteRenderer.h">
      <Filter>EngineCustom</Filter>
    </ClInclude>
    <ClInclude Include="Player.h">
      <Filter>Global\People</Filter>
    </ClInclude>
    <ClInclude Include="StampApproved.h">
      <Filter>Global\Stamp</Filter>
    </ClInclude>
    <ClInclude Include="StampDenied.h">
      <Filter>Global\Stamp</Filter>
    </ClInclude>
    <ClInclude Include="TravelerInfo.h">
      <Filter>Global\People</Filter>
    </ClInclude>
    <ClInclude Include="PassPort.h">
      <Filter>Paper\Passport</Filter>
    </ClInclude>
    <ClInclude Include="NormalTraveler.h">
      <Filter>Global\People</Filter>
    </ClInclude>
    <ClInclude Include="Stamp.h">
      <Filter>Global\Stamp</Filter>
    </ClInclude>
    <ClInclude Include="InkApproved.h">
      <Filter>Global\Stamp</Filter>
    </ClInclude>
    <ClInclude Include="Guard.h">
      <Filter>Global\People</Filter>
    </ClInclude>
    <ClInclude Include="PaperManager.h">
      <Filter>Paper</Filter>
    </ClInclude>
    <ClInclude Include="Car.h">
      <Filter>Global</Filter>
    </ClInclude>
    <ClInclude Include="PlayMap.h">
      <Filter>Global\Stage</Filter>
    </ClInclude>
    <ClInclude Include="NextBell.h">
      <Filter>Global\Stage</Filter>
    </ClInclude>
    <ClInclude Include="IntroPicture.h">
      <Filter>Global\Stage</Filter>
    </ClInclude>
    <ClInclude Include="DayOffBackGround.h">
      <Filter>Global\Stage</Filter>
    </ClInclude>
    <ClInclude Include="BoothDoor.h">
      <Filter>Global\Stage</Filter>
    </ClInclude>
    <ClInclude Include="Citation.h">
      <Filter>Paper</Filter>
    </ClInclude>
    <ClInclude Include="StartButton.h">
      <Filter>Global\Button</Filter>
    </ClInclude>
    <ClInclude Include="AccessPermitInner.h">
      <Filter>Paper</Filter>
    </ClInclude>
    <ClInclude Include="TestLevel.h">
      <Filter>Level</Filter>
    </ClInclude>
    <ClInclude Include="PlayPaper.h">
      <Filter>Paper</Filter>
    </ClInclude>
  </ItemGroup>
  <ItemGroup>
    <Filter Include="Level">
      <UniqueIdentifier>{351d4393-9100-467d-8364-c454d51e225f}</UniqueIdentifier>
    </Filter>
    <Filter Include="PreCompile">
      <UniqueIdentifier>{6eb03e34-f7bc-4c51-bc0f-9d65d7c95a97}</UniqueIdentifier>
    </Filter>
    <Filter Include="Global">
      <UniqueIdentifier>{e4fd6a23-9de0-4112-9032-60b2b0e5c2d4}</UniqueIdentifier>
    </Filter>
    <Filter Include="Level\DAY">
      <UniqueIdentifier>{f62110df-f179-420b-83d4-7fd34e0b8d2b}</UniqueIdentifier>
    </Filter>
    <Filter Include="Global\Button">
      <UniqueIdentifier>{848968e6-258f-49bf-b8f8-02a7e1baf646}</UniqueIdentifier>
    </Filter>
    <Filter Include="Global\Enum">
      <UniqueIdentifier>{11831792-56f0-406f-88e1-13725117f3a3}</UniqueIdentifier>
    </Filter>
    <Filter Include="Paper">
      <UniqueIdentifier>{6a7e70ab-97bc-4e4a-904d-2f4f5d8968bd}</UniqueIdentifier>
    </Filter>
    <Filter Include="Global\People">
      <UniqueIdentifier>{e3adc6a6-cc53-4ff8-83c4-1ce3ad6517ec}</UniqueIdentifier>
    </Filter>
    <Filter Include="Paper\Passport">
      <UniqueIdentifier>{430a0ab7-da5b-4a6d-9fa0-b8bf91ccf9b0}</UniqueIdentifier>
    </Filter>
    <Filter Include="Paper\RuleBook">
      <UniqueIdentifier>{423857b5-deb7-4f74-901d-24f3a33a3d0f}</UniqueIdentifier>
    </Filter>
    <Filter Include="Global\Inspect">
      <UniqueIdentifier>{acd60b15-fd11-46a0-a85d-01fadace6837}</UniqueIdentifier>
    </Filter>
    <Filter Include="GUI">
      <UniqueIdentifier>{56504f23-fd1a-401a-bb14-f4f1d1ccefd7}</UniqueIdentifier>
    </Filter>
    <Filter Include="Global\Stamp">
      <UniqueIdentifier>{e35b34de-9d03-4bd0-8b22-03a90caf31df}</UniqueIdentifier>
    </Filter>
    <Filter Include="Cursor">
      <UniqueIdentifier>{4c477498-041f-419f-8e2d-07f98a90afff}</UniqueIdentifier>
    </Filter>
    <Filter Include="EngineCustom">
      <UniqueIdentifier>{b9d9b331-002e-4fe2-8b01-72a772311dd2}</UniqueIdentifier>
    </Filter>
    <Filter Include="Shader">
      <UniqueIdentifier>{ee200901-4e2d-4748-b6e1-e08b3167f39b}</UniqueIdentifier>
    </Filter>
    <Filter Include="Global\Stage">
      <UniqueIdentifier>{1cfe47e4-215a-46cf-a51b-d879d921f0f7}</UniqueIdentifier>
    </Filter>
    <Filter Include="Shader\Effect">
      <UniqueIdentifier>{85606c74-aed8-4103-bbd9-c8aeb98c4566}</UniqueIdentifier>
    </Filter>
    <Filter Include="Global\People\person">
      <UniqueIdentifier>{c2fbe1c8-f883-4c8f-b80c-07529d2dd718}</UniqueIdentifier>
    </Filter>
  </ItemGroup>
  <ItemGroup>
    <FxCompile Include="CustomTextureShader.fx">
      <Filter>Shader</Filter>
    </FxCompile>
    <FxCompile Include="FacePaletteTextureShader.fx">
      <Filter>Shader</Filter>
    </FxCompile>
  </ItemGroup>
</Project>