<?xml version="1.0" encoding="utf-8"?>
<Project ToolsVersion="4.0" xmlns="http://schemas.microsoft.com/developer/msbuild/2003">
  <ItemGroup>
    <ClCompile Include="ContentsCore.cpp" />
    <ClCompile Include="TitleLevel.cpp">
      <Filter>Level</Filter>
    </ClCompile>
    <ClCompile Include="PreCompile.cpp">
      <Filter>PreCompile</Filter>
    </ClCompile>
    <ClCompile Include="Player.cpp">
      <Filter>Global</Filter>
    </ClCompile>
    <ClCompile Include="StartIntroLevel.cpp">
      <Filter>Level</Filter>
    </ClCompile>
    <ClCompile Include="PlayLevel.cpp">
      <Filter>Level\DAY</Filter>
    </ClCompile>
    <ClCompile Include="PlayMap.cpp">
      <Filter>Global</Filter>
    </ClCompile>
    <ClCompile Include="BasicButton.cpp">
      <Filter>Global\Button</Filter>
    </ClCompile>
    <ClCompile Include="Cursor.cpp">
      <Filter>Global</Filter>
    </ClCompile>
    <ClCompile Include="DayOffLevel.cpp">
      <Filter>Level\DAY</Filter>
    </ClCompile>
    <ClCompile Include="QuitButton.cpp">
      <Filter>Global\Button</Filter>
    </ClCompile>
    <ClCompile Include="NewsLevel.cpp">
      <Filter>Level</Filter>
    </ClCompile>
    <ClCompile Include="LevelBase.cpp">
      <Filter>Level</Filter>
    </ClCompile>
    <ClCompile Include="PaperManager.cpp">
      <Filter>Paper</Filter>
    </ClCompile>
    <ClCompile Include="PaperBase.cpp">
      <Filter>Paper</Filter>
    </ClCompile>
    <ClCompile Include="PeopleBase.cpp">
      <Filter>Global\People</Filter>
    </ClCompile>
    <ClCompile Include="RuleBook.cpp">
      <Filter>Paper\RuleBook</Filter>
    </ClCompile>
    <ClCompile Include="BasicActor.cpp" />
    <ClCompile Include="NomalTraveler.cpp">
      <Filter>Global\People</Filter>
    </ClCompile>
    <ClCompile Include="WaitingLine.cpp">
      <Filter>Global\People</Filter>
    </ClCompile>
    <ClCompile Include="InspectBox.cpp">
      <Filter>Global\Inspect</Filter>
    </ClCompile>
  </ItemGroup>
  <ItemGroup>
    <ClInclude Include="ContentsCore.h" />
    <ClInclude Include="TitleLevel.h">
      <Filter>Level</Filter>
    </ClInclude>
    <ClInclude Include="PreCompile.h">
      <Filter>PreCompile</Filter>
    </ClInclude>
    <ClInclude Include="BasicActor.h">
      <Filter>Global</Filter>
    </ClInclude>
    <ClInclude Include="Player.h">
      <Filter>Global</Filter>
    </ClInclude>
    <ClInclude Include="StartIntroLevel.h">
      <Filter>Level</Filter>
    </ClInclude>
    <ClInclude Include="PlayLevel.h">
      <Filter>Level\DAY</Filter>
    </ClInclude>
    <ClInclude Include="PlayMap.h">
      <Filter>Global</Filter>
    </ClInclude>
    <ClInclude Include="BasicButton.h">
      <Filter>Global\Button</Filter>
    </ClInclude>
    <ClInclude Include="Cursor.h">
      <Filter>Global</Filter>
    </ClInclude>
    <ClInclude Include="DayOffLevel.h">
      <Filter>Level\DAY</Filter>
    </ClInclude>
    <ClInclude Include="QuitButton.h">
      <Filter>Global\Button</Filter>
    </ClInclude>
    <ClInclude Include="ContentsEnum.h">
      <Filter>Global\Enum</Filter>
    </ClInclude>
    <ClInclude Include="NewsLevel.h">
      <Filter>Level</Filter>
    </ClInclude>
    <ClInclude Include="LevelBase.h">
      <Filter>Level</Filter>
    </ClInclude>
    <ClInclude Include="PaperManager.h">
      <Filter>Paper</Filter>
    </ClInclude>
    <ClInclude Include="PaperBase.h">
      <Filter>Paper</Filter>
    </ClInclude>
    <ClInclude Include="PeopleBase.h">
      <Filter>Global\People</Filter>
    </ClInclude>
    <ClInclude Include="RuleBook.h">
      <Filter>Paper\RuleBook</Filter>
    </ClInclude>
    <ClInclude Include="NomalTraveler.h">
      <Filter>Global\People</Filter>
    </ClInclude>
    <ClInclude Include="WaitingLine.h">
      <Filter>Global\People</Filter>
    </ClInclude>
    <ClInclude Include="InspectBox.h">
      <Filter>Global\Inspect</Filter>
    </ClInclude>
  </ItemGroup>
  <ItemGroup>
    <Filter Include="Level">
      <UniqueIdentifier>{351d4393-9100-467d-8364-c454d51e225f}</UniqueIdentifier>
    </Filter>
    <Filter Include="PreCompile">
      <UniqueIdentifier>{6eb03e34-f7bc-4c51-bc0f-9d65d7c95a97}</UniqueIdentifier>
    </Filter>
    <Filter Include="Global">
      <UniqueIdentifier>{e4fd6a23-9de0-4112-9032-60b2b0e5c2d4}</UniqueIdentifier>
    </Filter>
    <Filter Include="Level\DAY">
      <UniqueIdentifier>{f62110df-f179-420b-83d4-7fd34e0b8d2b}</UniqueIdentifier>
    </Filter>
    <Filter Include="Global\Button">
      <UniqueIdentifier>{848968e6-258f-49bf-b8f8-02a7e1baf646}</UniqueIdentifier>
    </Filter>
    <Filter Include="Global\Enum">
      <UniqueIdentifier>{11831792-56f0-406f-88e1-13725117f3a3}</UniqueIdentifier>
    </Filter>
    <Filter Include="Paper">
      <UniqueIdentifier>{6a7e70ab-97bc-4e4a-904d-2f4f5d8968bd}</UniqueIdentifier>
    </Filter>
    <Filter Include="Global\People">
      <UniqueIdentifier>{e3adc6a6-cc53-4ff8-83c4-1ce3ad6517ec}</UniqueIdentifier>
    </Filter>
    <Filter Include="Paper\Passport">
      <UniqueIdentifier>{430a0ab7-da5b-4a6d-9fa0-b8bf91ccf9b0}</UniqueIdentifier>
    </Filter>
    <Filter Include="Paper\RuleBook">
      <UniqueIdentifier>{423857b5-deb7-4f74-901d-24f3a33a3d0f}</UniqueIdentifier>
    </Filter>
    <Filter Include="Global\Inspect">
      <UniqueIdentifier>{acd60b15-fd11-46a0-a85d-01fadace6837}</UniqueIdentifier>
    </Filter>
  </ItemGroup>
</Project>