
Microsoft Visual Studio Solution File, Format Version 12.00
# Visual Studio Version 17
VisualStudioVersion = 17.5.33424.131
MinimumVisualStudioVersion = 10.0.40219.1
Project("{8BC9CEB8-8B4A-11D0-8D11-00A0C91BC942}") = "GameEnginePlatform", "GameEnginePlatform\GameEnginePlatform.vcxproj", "{02F4CCA9-87AF-49C9-9222-7605E2A75A6F}"
	ProjectSection(ProjectDependencies) = postProject
		{43E95582-82FC-46C5-A7CA-7D887CD0432B} = {43E95582-82FC-46C5-A7CA-7D887CD0432B}
	EndProjectSection
EndProject
Project("{2150E333-8FDC-42A3-9474-1A3956D46DE8}") = "Level0", "Level0", "{D0499978-1090-4057-AD97-7348818446D8}"
EndProject
Project("{2150E333-8FDC-42A3-9474-1A3956D46DE8}") = "Level1", "Level1", "{0B228273-72B2-4F20-804A-6D36EDBF29BE}"
EndProject
Project("{2150E333-8FDC-42A3-9474-1A3956D46DE8}") = "Level_App", "Level_App", "{79DA5A94-FE7C-496B-8AD8-34C652F5D4ED}"
EndProject
Project("{8BC9CEB8-8B4A-11D0-8D11-00A0C91BC942}") = "App", "App\App.vcxproj", "{29FE2291-C7A7-4BA4-B928-71A009C17571}"
	ProjectSection(ProjectDependencies) = postProject
		{02F4CCA9-87AF-49C9-9222-7605E2A75A6F} = {02F4CCA9-87AF-49C9-9222-7605E2A75A6F}
		{43E95582-82FC-46C5-A7CA-7D887CD0432B} = {43E95582-82FC-46C5-A7CA-7D887CD0432B}
		{A4F2FFE3-4E20-4DDB-85DC-ACE279A42AFA} = {A4F2FFE3-4E20-4DDB-85DC-ACE279A42AFA}
		{B1E3C61A-C8FC-4963-9F8C-24D509EE580C} = {B1E3C61A-C8FC-4963-9F8C-24D509EE580C}
	EndProjectSection
EndProject
Project("{8BC9CEB8-8B4A-11D0-8D11-00A0C91BC942}") = "GameEngineCore", "GameEngineCore\GameEngineCore.vcxproj", "{B1E3C61A-C8FC-4963-9F8C-24D509EE580C}"
	ProjectSection(ProjectDependencies) = postProject
		{02F4CCA9-87AF-49C9-9222-7605E2A75A6F} = {02F4CCA9-87AF-49C9-9222-7605E2A75A6F}
		{43E95582-82FC-46C5-A7CA-7D887CD0432B} = {43E95582-82FC-46C5-A7CA-7D887CD0432B}
	EndProjectSection
EndProject
Project("{2150E333-8FDC-42A3-9474-1A3956D46DE8}") = "Level3", "Level3", "{B2C0F935-9DC6-4B24-8CBB-466BCE14FD9F}"
EndProject
Project("{2150E333-8FDC-42A3-9474-1A3956D46DE8}") = "Level2", "Level2", "{C3124B32-2419-4CDA-A14A-602DD95D04DF}"
EndProject
Project("{8BC9CEB8-8B4A-11D0-8D11-00A0C91BC942}") = "GameEngineBase", "GameEngineBase\GameEngineBase.vcxproj", "{43E95582-82FC-46C5-A7CA-7D887CD0432B}"
EndProject
Project("{8BC9CEB8-8B4A-11D0-8D11-00A0C91BC942}") = "GameEngineCoreShader", "GameEngineCoreShader\GameEngineCoreShader.vcxproj", "{02B63468-E569-4E56-AAA3-D398473BAF95}"
EndProject
Project("{8BC9CEB8-8B4A-11D0-8D11-00A0C91BC942}") = "PaperPlease_Contents", "PaperPlease_Contents\PaperPlease_Contents.vcxproj", "{A4F2FFE3-4E20-4DDB-85DC-ACE279A42AFA}"
	ProjectSection(ProjectDependencies) = postProject
		{02F4CCA9-87AF-49C9-9222-7605E2A75A6F} = {02F4CCA9-87AF-49C9-9222-7605E2A75A6F}
		{43E95582-82FC-46C5-A7CA-7D887CD0432B} = {43E95582-82FC-46C5-A7CA-7D887CD0432B}
		{B1E3C61A-C8FC-4963-9F8C-24D509EE580C} = {B1E3C61A-C8FC-4963-9F8C-24D509EE580C}
	EndProjectSection
EndProject
Global
	GlobalSection(SolutionConfigurationPlatforms) = preSolution
		Debug|x64 = Debug|x64
		Debug|x86 = Debug|x86
		Release|x64 = Release|x64
		Release|x86 = Release|x86
	EndGlobalSection
	GlobalSection(ProjectConfigurationPlatforms) = postSolution
		{02F4CCA9-87AF-49C9-9222-7605E2A75A6F}.Debug|x64.ActiveCfg = Debug|x64
		{02F4CCA9-87AF-49C9-9222-7605E2A75A6F}.Debug|x64.Build.0 = Debug|x64
		{02F4CCA9-87AF-49C9-9222-7605E2A75A6F}.Debug|x86.ActiveCfg = Debug|Win32
		{02F4CCA9-87AF-49C9-9222-7605E2A75A6F}.Debug|x86.Build.0 = Debug|Win32
		{02F4CCA9-87AF-49C9-9222-7605E2A75A6F}.Release|x64.ActiveCfg = Release|x64
		{02F4CCA9-87AF-49C9-9222-7605E2A75A6F}.Release|x64.Build.0 = Release|x64
		{02F4CCA9-87AF-49C9-9222-7605E2A75A6F}.Release|x86.ActiveCfg = Release|Win32
		{02F4CCA9-87AF-49C9-9222-7605E2A75A6F}.Release|x86.Build.0 = Release|Win32
		{29FE2291-C7A7-4BA4-B928-71A009C17571}.Debug|x64.ActiveCfg = Debug|x64
		{29FE2291-C7A7-4BA4-B928-71A009C17571}.Debug|x64.Build.0 = Debug|x64
		{29FE2291-C7A7-4BA4-B928-71A009C17571}.Debug|x86.ActiveCfg = Debug|Win32
		{29FE2291-C7A7-4BA4-B928-71A009C17571}.Debug|x86.Build.0 = Debug|Win32
		{29FE2291-C7A7-4BA4-B928-71A009C17571}.Release|x64.ActiveCfg = Release|x64
		{29FE2291-C7A7-4BA4-B928-71A009C17571}.Release|x64.Build.0 = Release|x64
		{29FE2291-C7A7-4BA4-B928-71A009C17571}.Release|x86.ActiveCfg = Release|Win32
		{29FE2291-C7A7-4BA4-B928-71A009C17571}.Release|x86.Build.0 = Release|Win32
		{B1E3C61A-C8FC-4963-9F8C-24D509EE580C}.Debug|x64.ActiveCfg = Debug|x64
		{B1E3C61A-C8FC-4963-9F8C-24D509EE580C}.Debug|x64.Build.0 = Debug|x64
		{B1E3C61A-C8FC-4963-9F8C-24D509EE580C}.Debug|x86.ActiveCfg = Debug|Win32
		{B1E3C61A-C8FC-4963-9F8C-24D509EE580C}.Debug|x86.Build.0 = Debug|Win32
		{B1E3C61A-C8FC-4963-9F8C-24D509EE580C}.Release|x64.ActiveCfg = Release|x64
		{B1E3C61A-C8FC-4963-9F8C-24D509EE580C}.Release|x64.Build.0 = Release|x64
		{B1E3C61A-C8FC-4963-9F8C-24D509EE580C}.Release|x86.ActiveCfg = Release|Win32
		{B1E3C61A-C8FC-4963-9F8C-24D509EE580C}.Release|x86.Build.0 = Release|Win32
		{43E95582-82FC-46C5-A7CA-7D887CD0432B}.Debug|x64.ActiveCfg = Debug|x64
		{43E95582-82FC-46C5-A7CA-7D887CD0432B}.Debug|x64.Build.0 = Debug|x64
		{43E95582-82FC-46C5-A7CA-7D887CD0432B}.Debug|x86.ActiveCfg = Debug|Win32
		{43E95582-82FC-46C5-A7CA-7D887CD0432B}.Debug|x86.Build.0 = Debug|Win32
		{43E95582-82FC-46C5-A7CA-7D887CD0432B}.Release|x64.ActiveCfg = Release|x64
		{43E95582-82FC-46C5-A7CA-7D887CD0432B}.Release|x64.Build.0 = Release|x64
		{43E95582-82FC-46C5-A7CA-7D887CD0432B}.Release|x86.ActiveCfg = Release|Win32
		{43E95582-82FC-46C5-A7CA-7D887CD0432B}.Release|x86.Build.0 = Release|Win32
		{02B63468-E569-4E56-AAA3-D398473BAF95}.Debug|x64.ActiveCfg = Debug|x64
		{02B63468-E569-4E56-AAA3-D398473BAF95}.Debug|x64.Build.0 = Debug|x64
		{02B63468-E569-4E56-AAA3-D398473BAF95}.Debug|x86.ActiveCfg = Debug|Win32
		{02B63468-E569-4E56-AAA3-D398473BAF95}.Debug|x86.Build.0 = Debug|Win32
		{02B63468-E569-4E56-AAA3-D398473BAF95}.Release|x64.ActiveCfg = Release|x64
		{02B63468-E569-4E56-AAA3-D398473BAF95}.Release|x64.Build.0 = Release|x64
		{02B63468-E569-4E56-AAA3-D398473BAF95}.Release|x86.ActiveCfg = Release|Win32
		{02B63468-E569-4E56-AAA3-D398473BAF95}.Release|x86.Build.0 = Release|Win32
		{A4F2FFE3-4E20-4DDB-85DC-ACE279A42AFA}.Debug|x64.ActiveCfg = Debug|x64
		{A4F2FFE3-4E20-4DDB-85DC-ACE279A42AFA}.Debug|x64.Build.0 = Debug|x64
		{A4F2FFE3-4E20-4DDB-85DC-ACE279A42AFA}.Debug|x86.ActiveCfg = Debug|Win32
		{A4F2FFE3-4E20-4DDB-85DC-ACE279A42AFA}.Debug|x86.Build.0 = Debug|Win32
		{A4F2FFE3-4E20-4DDB-85DC-ACE279A42AFA}.Release|x64.ActiveCfg = Release|x64
		{A4F2FFE3-4E20-4DDB-85DC-ACE279A42AFA}.Release|x64.Build.0 = Release|x64
		{A4F2FFE3-4E20-4DDB-85DC-ACE279A42AFA}.Release|x86.ActiveCfg = Release|Win32
		{A4F2FFE3-4E20-4DDB-85DC-ACE279A42AFA}.Release|x86.Build.0 = Release|Win32
	EndGlobalSection
	GlobalSection(SolutionProperties) = preSolution
		HideSolutionNode = FALSE
	EndGlobalSection
	GlobalSection(NestedProjects) = preSolution
		{02F4CCA9-87AF-49C9-9222-7605E2A75A6F} = {0B228273-72B2-4F20-804A-6D36EDBF29BE}
		{29FE2291-C7A7-4BA4-B928-71A009C17571} = {79DA5A94-FE7C-496B-8AD8-34C652F5D4ED}
		{B1E3C61A-C8FC-4963-9F8C-24D509EE580C} = {C3124B32-2419-4CDA-A14A-602DD95D04DF}
		{43E95582-82FC-46C5-A7CA-7D887CD0432B} = {D0499978-1090-4057-AD97-7348818446D8}
		{02B63468-E569-4E56-AAA3-D398473BAF95} = {C3124B32-2419-4CDA-A14A-602DD95D04DF}
		{A4F2FFE3-4E20-4DDB-85DC-ACE279A42AFA} = {B2C0F935-9DC6-4B24-8CBB-466BCE14FD9F}
	EndGlobalSection
	GlobalSection(ExtensibilityGlobals) = postSolution
		SolutionGuid = {E13774CD-D830-4879-B251-AC2B3078806B}
	EndGlobalSection
EndGlobal
